
Microsoft Visual Studio Solution File, Format Version 12.00
# Visual Studio Version 17
VisualStudioVersion = 17.8.34408.163
MinimumVisualStudioVersion = 10.0.40219.1
Project("{FAE04EC0-301F-11D3-BF4B-00C04F79EFBC}") = "practica_1.48", "practica_1.48\practica_1.48.csproj", "{A77A7E69-D50A-48C0-9A66-CE3D2E8A32A1}"
EndProject
Global
	GlobalSection(SolutionConfigurationPlatforms) = preSolution
		Debug|Any CPU = Debug|Any CPU
		Release|Any CPU = Release|Any CPU
	EndGlobalSection
	GlobalSection(ProjectConfigurationPlatforms) = postSolution
		{A77A7E69-D50A-48C0-9A66-CE3D2E8A32A1}.Debug|Any CPU.ActiveCfg = Debug|Any CPU
		{A77A7E69-D50A-48C0-9A66-CE3D2E8A32A1}.Debug|Any CPU.Build.0 = Debug|Any CPU
		{A77A7E69-D50A-48C0-9A66-CE3D2E8A32A1}.Release|Any CPU.ActiveCfg = Release|Any CPU
		{A77A7E69-D50A-48C0-9A66-CE3D2E8A32A1}.Release|Any CPU.Build.0 = Release|Any CPU
	EndGlobalSection
	GlobalSection(SolutionProperties) = preSolution
		HideSolutionNode = FALSE
	EndGlobalSection
	GlobalSection(ExtensibilityGlobals) = postSolution
		SolutionGuid = {209DED2B-D1EE-4473-9BD9-394161089DD7}
	EndGlobalSection
EndGlobal
