
Microsoft Visual Studio Solution File, Format Version 12.00
# Visual Studio Version 17
VisualStudioVersion = 17.8.34408.163
MinimumVisualStudioVersion = 10.0.40219.1
Project("{FAE04EC0-301F-11D3-BF4B-00C04F79EFBC}") = "practica_1.29", "practica_1.29\practica_1.29.csproj", "{328C4E14-31A7-4F0C-8021-9A2AE0E6B99D}"
EndProject
Global
	GlobalSection(SolutionConfigurationPlatforms) = preSolution
		Debug|Any CPU = Debug|Any CPU
		Release|Any CPU = Release|Any CPU
	EndGlobalSection
	GlobalSection(ProjectConfigurationPlatforms) = postSolution
		{328C4E14-31A7-4F0C-8021-9A2AE0E6B99D}.Debug|Any CPU.ActiveCfg = Debug|Any CPU
		{328C4E14-31A7-4F0C-8021-9A2AE0E6B99D}.Debug|Any CPU.Build.0 = Debug|Any CPU
		{328C4E14-31A7-4F0C-8021-9A2AE0E6B99D}.Release|Any CPU.ActiveCfg = Release|Any CPU
		{328C4E14-31A7-4F0C-8021-9A2AE0E6B99D}.Release|Any CPU.Build.0 = Release|Any CPU
	EndGlobalSection
	GlobalSection(SolutionProperties) = preSolution
		HideSolutionNode = FALSE
	EndGlobalSection
	GlobalSection(ExtensibilityGlobals) = postSolution
		SolutionGuid = {205D74FF-70EE-48E9-983F-830209CEA2E1}
	EndGlobalSection
EndGlobal
