
Microsoft Visual Studio Solution File, Format Version 12.00
# Visual Studio Version 17
VisualStudioVersion = 17.8.34408.163
MinimumVisualStudioVersion = 10.0.40219.1
Project("{FAE04EC0-301F-11D3-BF4B-00C04F79EFBC}") = "practica_1.56", "practica_1.56\practica_1.56.csproj", "{8805D0CD-F318-42E4-B1C2-68563DAC14AD}"
EndProject
Global
	GlobalSection(SolutionConfigurationPlatforms) = preSolution
		Debug|Any CPU = Debug|Any CPU
		Release|Any CPU = Release|Any CPU
	EndGlobalSection
	GlobalSection(ProjectConfigurationPlatforms) = postSolution
		{8805D0CD-F318-42E4-B1C2-68563DAC14AD}.Debug|Any CPU.ActiveCfg = Debug|Any CPU
		{8805D0CD-F318-42E4-B1C2-68563DAC14AD}.Debug|Any CPU.Build.0 = Debug|Any CPU
		{8805D0CD-F318-42E4-B1C2-68563DAC14AD}.Release|Any CPU.ActiveCfg = Release|Any CPU
		{8805D0CD-F318-42E4-B1C2-68563DAC14AD}.Release|Any CPU.Build.0 = Release|Any CPU
	EndGlobalSection
	GlobalSection(SolutionProperties) = preSolution
		HideSolutionNode = FALSE
	EndGlobalSection
	GlobalSection(ExtensibilityGlobals) = postSolution
		SolutionGuid = {25A7744B-5790-46ED-81ED-C5CCC437C513}
	EndGlobalSection
EndGlobal
