
Microsoft Visual Studio Solution File, Format Version 12.00
# Visual Studio Version 17
VisualStudioVersion = 17.8.34408.163
MinimumVisualStudioVersion = 10.0.40219.1
Project("{FAE04EC0-301F-11D3-BF4B-00C04F79EFBC}") = "practica_1.24", "practica_1.24\practica_1.24.csproj", "{15736CB3-D8FA-47C0-AFF0-FC7257C9B871}"
EndProject
Global
	GlobalSection(SolutionConfigurationPlatforms) = preSolution
		Debug|Any CPU = Debug|Any CPU
		Release|Any CPU = Release|Any CPU
	EndGlobalSection
	GlobalSection(ProjectConfigurationPlatforms) = postSolution
		{15736CB3-D8FA-47C0-AFF0-FC7257C9B871}.Debug|Any CPU.ActiveCfg = Debug|Any CPU
		{15736CB3-D8FA-47C0-AFF0-FC7257C9B871}.Debug|Any CPU.Build.0 = Debug|Any CPU
		{15736CB3-D8FA-47C0-AFF0-FC7257C9B871}.Release|Any CPU.ActiveCfg = Release|Any CPU
		{15736CB3-D8FA-47C0-AFF0-FC7257C9B871}.Release|Any CPU.Build.0 = Release|Any CPU
	EndGlobalSection
	GlobalSection(SolutionProperties) = preSolution
		HideSolutionNode = FALSE
	EndGlobalSection
	GlobalSection(ExtensibilityGlobals) = postSolution
		SolutionGuid = {0E03F8FF-5545-42C3-9501-9893C814DCEE}
	EndGlobalSection
EndGlobal
