
Microsoft Visual Studio Solution File, Format Version 12.00
# Visual Studio Version 17
VisualStudioVersion = 17.8.34408.163
MinimumVisualStudioVersion = 10.0.40219.1
Project("{FAE04EC0-301F-11D3-BF4B-00C04F79EFBC}") = "practica_1.34", "practica_1.34\practica_1.34.csproj", "{BF356508-54D8-460D-8DE5-33F2F15AD8CE}"
EndProject
Global
	GlobalSection(SolutionConfigurationPlatforms) = preSolution
		Debug|Any CPU = Debug|Any CPU
		Release|Any CPU = Release|Any CPU
	EndGlobalSection
	GlobalSection(ProjectConfigurationPlatforms) = postSolution
		{BF356508-54D8-460D-8DE5-33F2F15AD8CE}.Debug|Any CPU.ActiveCfg = Debug|Any CPU
		{BF356508-54D8-460D-8DE5-33F2F15AD8CE}.Debug|Any CPU.Build.0 = Debug|Any CPU
		{BF356508-54D8-460D-8DE5-33F2F15AD8CE}.Release|Any CPU.ActiveCfg = Release|Any CPU
		{BF356508-54D8-460D-8DE5-33F2F15AD8CE}.Release|Any CPU.Build.0 = Release|Any CPU
	EndGlobalSection
	GlobalSection(SolutionProperties) = preSolution
		HideSolutionNode = FALSE
	EndGlobalSection
	GlobalSection(ExtensibilityGlobals) = postSolution
		SolutionGuid = {5CB194F1-1187-4E90-8B07-6D39D7B0FE7A}
	EndGlobalSection
EndGlobal
