
Microsoft Visual Studio Solution File, Format Version 12.00
# Visual Studio Version 17
VisualStudioVersion = 17.8.34408.163
MinimumVisualStudioVersion = 10.0.40219.1
Project("{FAE04EC0-301F-11D3-BF4B-00C04F79EFBC}") = "practica_1.36", "practica_1.36\practica_1.36.csproj", "{DA675B7A-B190-4C53-8C97-E7DFCDCFDDC2}"
EndProject
Global
	GlobalSection(SolutionConfigurationPlatforms) = preSolution
		Debug|Any CPU = Debug|Any CPU
		Release|Any CPU = Release|Any CPU
	EndGlobalSection
	GlobalSection(ProjectConfigurationPlatforms) = postSolution
		{DA675B7A-B190-4C53-8C97-E7DFCDCFDDC2}.Debug|Any CPU.ActiveCfg = Debug|Any CPU
		{DA675B7A-B190-4C53-8C97-E7DFCDCFDDC2}.Debug|Any CPU.Build.0 = Debug|Any CPU
		{DA675B7A-B190-4C53-8C97-E7DFCDCFDDC2}.Release|Any CPU.ActiveCfg = Release|Any CPU
		{DA675B7A-B190-4C53-8C97-E7DFCDCFDDC2}.Release|Any CPU.Build.0 = Release|Any CPU
	EndGlobalSection
	GlobalSection(SolutionProperties) = preSolution
		HideSolutionNode = FALSE
	EndGlobalSection
	GlobalSection(ExtensibilityGlobals) = postSolution
		SolutionGuid = {82340269-C7FF-4AB0-BB8A-BBE3F0F7DF16}
	EndGlobalSection
EndGlobal
