
Microsoft Visual Studio Solution File, Format Version 12.00
# Visual Studio Version 17
VisualStudioVersion = 17.8.34408.163
MinimumVisualStudioVersion = 10.0.40219.1
Project("{FAE04EC0-301F-11D3-BF4B-00C04F79EFBC}") = "practica_1.17", "practica_1.17\practica_1.17.csproj", "{B01464FA-2D72-44BE-A14E-BCB17B7507F4}"
EndProject
Global
	GlobalSection(SolutionConfigurationPlatforms) = preSolution
		Debug|Any CPU = Debug|Any CPU
		Release|Any CPU = Release|Any CPU
	EndGlobalSection
	GlobalSection(ProjectConfigurationPlatforms) = postSolution
		{B01464FA-2D72-44BE-A14E-BCB17B7507F4}.Debug|Any CPU.ActiveCfg = Debug|Any CPU
		{B01464FA-2D72-44BE-A14E-BCB17B7507F4}.Debug|Any CPU.Build.0 = Debug|Any CPU
		{B01464FA-2D72-44BE-A14E-BCB17B7507F4}.Release|Any CPU.ActiveCfg = Release|Any CPU
		{B01464FA-2D72-44BE-A14E-BCB17B7507F4}.Release|Any CPU.Build.0 = Release|Any CPU
	EndGlobalSection
	GlobalSection(SolutionProperties) = preSolution
		HideSolutionNode = FALSE
	EndGlobalSection
	GlobalSection(ExtensibilityGlobals) = postSolution
		SolutionGuid = {B17A959D-6A5A-4C2F-992F-A1705273B7DD}
	EndGlobalSection
EndGlobal
