
Microsoft Visual Studio Solution File, Format Version 12.00
# Visual Studio Version 17
VisualStudioVersion = 17.8.34408.163
MinimumVisualStudioVersion = 10.0.40219.1
Project("{FAE04EC0-301F-11D3-BF4B-00C04F79EFBC}") = "practica_1.22", "practica_1.22\practica_1.22.csproj", "{E6A747BF-77AE-4EAA-8FD1-A014ED13CCB9}"
EndProject
Global
	GlobalSection(SolutionConfigurationPlatforms) = preSolution
		Debug|Any CPU = Debug|Any CPU
		Release|Any CPU = Release|Any CPU
	EndGlobalSection
	GlobalSection(ProjectConfigurationPlatforms) = postSolution
		{E6A747BF-77AE-4EAA-8FD1-A014ED13CCB9}.Debug|Any CPU.ActiveCfg = Debug|Any CPU
		{E6A747BF-77AE-4EAA-8FD1-A014ED13CCB9}.Debug|Any CPU.Build.0 = Debug|Any CPU
		{E6A747BF-77AE-4EAA-8FD1-A014ED13CCB9}.Release|Any CPU.ActiveCfg = Release|Any CPU
		{E6A747BF-77AE-4EAA-8FD1-A014ED13CCB9}.Release|Any CPU.Build.0 = Release|Any CPU
	EndGlobalSection
	GlobalSection(SolutionProperties) = preSolution
		HideSolutionNode = FALSE
	EndGlobalSection
	GlobalSection(ExtensibilityGlobals) = postSolution
		SolutionGuid = {997667CE-1FDA-46BE-92B6-D0531515E7E4}
	EndGlobalSection
EndGlobal
